{
  "name": "my-chai-ui",
  "version": "1.0.0",
  "lockfileVersion": 3,
  "requires": true,
  "packages": {
    "": {
      "name": "my-chai-ui",
      "version": "1.0.0",
      "license": "MIT",
      "dependencies": {
        "my-chai-ui": "^1.0.0"
      }
    },
    "node_modules/my-chai-ui": {
      "version": "1.0.0",
      "resolved": "https://registry.npmjs.org/my-chai-ui/-/my-chai-ui-1.0.0.tgz",
      "integrity": "sha512-CuM7tzeSjNFqfDGz5oe/iWvmFOOy+teALP56mwDZyC48cCbsIumBKAk5A6Z6d4K5ZWMN7MvTKREBRCZ8POV6tg=="
    }
  }
}
